
Microsoft Visual Studio Solution File, Format Version 12.00
# Visual Studio Version 16
VisualStudioVersion = 16.0.30204.135
MinimumVisualStudioVersion = 10.0.40219.1
Project("{FAE04EC0-301F-11D3-BF4B-00C04F79EFBC}") = "ToolBagUda", "ToolBagUda\ToolBagUda.csproj", "{B2DA31EA-2DDD-4EE3-9739-EE30FB64A567}"
EndProject
Global
	GlobalSection(SolutionConfigurationPlatforms) = preSolution
		Debug|Any CPU = Debug|Any CPU
		Release|Any CPU = Release|Any CPU
	EndGlobalSection
	GlobalSection(ProjectConfigurationPlatforms) = postSolution
		{B2DA31EA-2DDD-4EE3-9739-EE30FB64A567}.Debug|Any CPU.ActiveCfg = Debug|Any CPU
		{B2DA31EA-2DDD-4EE3-9739-EE30FB64A567}.Debug|Any CPU.Build.0 = Debug|Any CPU
		{B2DA31EA-2DDD-4EE3-9739-EE30FB64A567}.Release|Any CPU.ActiveCfg = Release|Any CPU
		{B2DA31EA-2DDD-4EE3-9739-EE30FB64A567}.Release|Any CPU.Build.0 = Release|Any CPU
	EndGlobalSection
	GlobalSection(SolutionProperties) = preSolution
		HideSolutionNode = FALSE
	EndGlobalSection
	GlobalSection(ExtensibilityGlobals) = postSolution
		SolutionGuid = {DFD3B8FD-581C-452F-9600-86A25FB603F0}
	EndGlobalSection
EndGlobal
