
Microsoft Visual Studio Solution File, Format Version 12.00
# Visual Studio Version 16
VisualStudioVersion = 16.0.30204.135
MinimumVisualStudioVersion = 10.0.40219.1
Project("{FAE04EC0-301F-11D3-BF4B-00C04F79EFBC}") = "RimNauts", "RimNauts\RimNauts.csproj", "{F6A3A226-4198-41B7-9976-68E760C901B7}"
EndProject
Global
	GlobalSection(SolutionConfigurationPlatforms) = preSolution
		Debug|Any CPU = Debug|Any CPU
		Release|Any CPU = Release|Any CPU
	EndGlobalSection
	GlobalSection(ProjectConfigurationPlatforms) = postSolution
		{F6A3A226-4198-41B7-9976-68E760C901B7}.Debug|Any CPU.ActiveCfg = Debug|Any CPU
		{F6A3A226-4198-41B7-9976-68E760C901B7}.Debug|Any CPU.Build.0 = Debug|Any CPU
		{F6A3A226-4198-41B7-9976-68E760C901B7}.Release|Any CPU.ActiveCfg = Release|Any CPU
		{F6A3A226-4198-41B7-9976-68E760C901B7}.Release|Any CPU.Build.0 = Release|Any CPU
	EndGlobalSection
	GlobalSection(SolutionProperties) = preSolution
		HideSolutionNode = FALSE
	EndGlobalSection
	GlobalSection(ExtensibilityGlobals) = postSolution
		SolutionGuid = {C1B29065-DACE-4A4F-AF6C-9C1E87AEA234}
	EndGlobalSection
EndGlobal
